<Solution>
  <Folder Name="/doc/">
    <File Path="use_case.md" />
  </Folder>
  <Project Path="../QT.Control/QT.UI.csproj" />
  <Project Path="../QT.Core/QT.Core.csproj" Id="65ac5b71-d36e-493e-90fd-ea3fafe80a80" />
  <Project Path="../QT.Data/QT.Data.csproj" />
  <Project Path="QT.csproj" />
</Solution>
